
Microsoft Visual Studio Solution File, Format Version 12.00
# Visual Studio Version 17
VisualStudioVersion = 17.4.33103.184
MinimumVisualStudioVersion = 10.0.40219.1
Project("{8BC9CEB8-8B4A-11D0-8D11-00A0C91BC942}") = "求cosx近似值", "求cosx近似值\求cosx近似值.vcxproj", "{91A10A86-0D64-4066-8E1E-EAC6EB2C4BAC}"
EndProject
Global
	GlobalSection(SolutionConfigurationPlatforms) = preSolution
		Debug|x64 = Debug|x64
		Debug|x86 = Debug|x86
		Release|x64 = Release|x64
		Release|x86 = Release|x86
	EndGlobalSection
	GlobalSection(ProjectConfigurationPlatforms) = postSolution
		{91A10A86-0D64-4066-8E1E-EAC6EB2C4BAC}.Debug|x64.ActiveCfg = Debug|x64
		{91A10A86-0D64-4066-8E1E-EAC6EB2C4BAC}.Debug|x64.Build.0 = Debug|x64
		{91A10A86-0D64-4066-8E1E-EAC6EB2C4BAC}.Debug|x86.ActiveCfg = Debug|Win32
		{91A10A86-0D64-4066-8E1E-EAC6EB2C4BAC}.Debug|x86.Build.0 = Debug|Win32
		{91A10A86-0D64-4066-8E1E-EAC6EB2C4BAC}.Release|x64.ActiveCfg = Release|x64
		{91A10A86-0D64-4066-8E1E-EAC6EB2C4BAC}.Release|x64.Build.0 = Release|x64
		{91A10A86-0D64-4066-8E1E-EAC6EB2C4BAC}.Release|x86.ActiveCfg = Release|Win32
		{91A10A86-0D64-4066-8E1E-EAC6EB2C4BAC}.Release|x86.Build.0 = Release|Win32
	EndGlobalSection
	GlobalSection(SolutionProperties) = preSolution
		HideSolutionNode = FALSE
	EndGlobalSection
	GlobalSection(ExtensibilityGlobals) = postSolution
		SolutionGuid = {FFBBA4A4-E1A8-4E2A-BD4F-BCDECC07643A}
	EndGlobalSection
EndGlobal
